
Microsoft Visual Studio Solution File, Format Version 12.00
# Visual Studio Version 17
VisualStudioVersion = 17.13.35931.197 d17.13
MinimumVisualStudioVersion = 10.0.40219.1
Project("{54A90642-561A-4BB1-A94E-469ADEE60C69}") = "PokemonBattleSimulator", "PokemonBattleSimulator.esproj", "{CCFA301D-9CDD-E703-68D9-EAF889E1B640}"
EndProject
Global
	GlobalSection(SolutionConfigurationPlatforms) = preSolution
		Debug|Any CPU = Debug|Any CPU
		Release|Any CPU = Release|Any CPU
	EndGlobalSection
	GlobalSection(ProjectConfigurationPlatforms) = postSolution
		{CCFA301D-9CDD-E703-68D9-EAF889E1B640}.Debug|Any CPU.ActiveCfg = Debug|Any CPU
		{CCFA301D-9CDD-E703-68D9-EAF889E1B640}.Debug|Any CPU.Build.0 = Debug|Any CPU
		{CCFA301D-9CDD-E703-68D9-EAF889E1B640}.Debug|Any CPU.Deploy.0 = Debug|Any CPU
		{CCFA301D-9CDD-E703-68D9-EAF889E1B640}.Release|Any CPU.ActiveCfg = Release|Any CPU
		{CCFA301D-9CDD-E703-68D9-EAF889E1B640}.Release|Any CPU.Build.0 = Release|Any CPU
		{CCFA301D-9CDD-E703-68D9-EAF889E1B640}.Release|Any CPU.Deploy.0 = Release|Any CPU
	EndGlobalSection
	GlobalSection(SolutionProperties) = preSolution
		HideSolutionNode = FALSE
	EndGlobalSection
	GlobalSection(ExtensibilityGlobals) = postSolution
		SolutionGuid = {8B2B9633-C562-40DB-BEF0-E7DFE4122547}
	EndGlobalSection
EndGlobal
